// !$*UTF8*$!
{
	archiveVersion = 1;
	classes = {
	};
	objectVersion = 56;
	objects = {

/* Begin PBXBuildFile section */
		E912F8C12B3DFA26005F4EBA /* ComposableArchitecture in Frameworks */ = {isa = PBXBuildFile; productRef = E912F8C02B3DFA26005F4EBA /* ComposableArchitecture */; };
		E912F8C32B3DFA67005F4EBA /* CounterFeature.swift in Sources */ = {isa = PBXBuildFile; fileRef = E912F8C22B3DFA67005F4EBA /* CounterFeature.swift */; };
		E9140FF02B40343D00299DC1 /* CounterFeatureTests.swift in Sources */ = {isa = PBXBuildFile; fileRef = E9140FEF2B40343D00299DC1 /* CounterFeatureTests.swift */; };
		E9140FF22B404BCB00299DC1 /* NumberFactClient.swift in Sources */ = {isa = PBXBuildFile; fileRef = E9140FF12B404BCB00299DC1 /* NumberFactClient.swift */; };
		E9140FF72B4195FD00299DC1 /* AppView.swift in Sources */ = {isa = PBXBuildFile; fileRef = E9140FF62B4195FD00299DC1 /* AppView.swift */; };
		E9140FF92B4196DE00299DC1 /* AppFeature.swift in Sources */ = {isa = PBXBuildFile; fileRef = E9140FF82B4196DE00299DC1 /* AppFeature.swift */; };
		E9140FFF2B41A67100299DC1 /* AppFeatureTests.swift in Sources */ = {isa = PBXBuildFile; fileRef = E9140FFE2B41A67100299DC1 /* AppFeatureTests.swift */; };
		E91410022B43591600299DC1 /* ContactsFeature.swift in Sources */ = {isa = PBXBuildFile; fileRef = E91410012B43591600299DC1 /* ContactsFeature.swift */; };
		E91410042B4359E300299DC1 /* ContactsView.swift in Sources */ = {isa = PBXBuildFile; fileRef = E91410032B4359E300299DC1 /* ContactsView.swift */; };
		E91410062B435D8F00299DC1 /* AddContactFeature.swift in Sources */ = {isa = PBXBuildFile; fileRef = E91410052B435D8F00299DC1 /* AddContactFeature.swift */; };
		E914100A2B44732800299DC1 /* AddContactView.swift in Sources */ = {isa = PBXBuildFile; fileRef = E91410092B44732800299DC1 /* AddContactView.swift */; };
		E914100C2B47417F00299DC1 /* ContactsFeatureTests.swift in Sources */ = {isa = PBXBuildFile; fileRef = E914100B2B47417F00299DC1 /* ContactsFeatureTests.swift */; };
		E946C3332B3CC00A0040EC35 /* SwiftUI_The_Composable_ArchitectureApp.swift in Sources */ = {isa = PBXBuildFile; fileRef = E946C3322B3CC00A0040EC35 /* SwiftUI_The_Composable_ArchitectureApp.swift */; };
		E946C3352B3CC00A0040EC35 /* CounterView.swift in Sources */ = {isa = PBXBuildFile; fileRef = E946C3342B3CC00A0040EC35 /* CounterView.swift */; };
		E946C3372B3CC00B0040EC35 /* Assets.xcassets in Resources */ = {isa = PBXBuildFile; fileRef = E946C3362B3CC00B0040EC35 /* Assets.xcassets */; };
		E946C33A2B3CC00B0040EC35 /* Preview Assets.xcassets in Resources */ = {isa = PBXBuildFile; fileRef = E946C3392B3CC00B0040EC35 /* Preview Assets.xcassets */; };
/* End PBXBuildFile section */

/* Begin PBXContainerItemProxy section */
		E9140FEA2B40340B00299DC1 /* PBXContainerItemProxy */ = {
			isa = PBXContainerItemProxy;
			containerPortal = E946C3272B3CC00A0040EC35 /* Project object */;
			proxyType = 1;
			remoteGlobalIDString = E946C32E2B3CC00A0040EC35;
			remoteInfo = "SwiftUI-The-Composable-Architecture";
		};
/* End PBXContainerItemProxy section */

/* Begin PBXFileReference section */
		E912F8C22B3DFA67005F4EBA /* CounterFeature.swift */ = {isa = PBXFileReference; lastKnownFileType = sourcecode.swift; path = CounterFeature.swift; sourceTree = "<group>"; };
		E9140FE12B3F5F3E00299DC1 /* Info.plist */ = {isa = PBXFileReference; lastKnownFileType = text.plist.xml; path = Info.plist; sourceTree = "<group>"; };
		E9140FE62B40340B00299DC1 /* SwiftUI-The-Composable-ArchitectureTests.xctest */ = {isa = PBXFileReference; explicitFileType = wrapper.cfbundle; includeInIndex = 0; path = "SwiftUI-The-Composable-ArchitectureTests.xctest"; sourceTree = BUILT_PRODUCTS_DIR; };
		E9140FEF2B40343D00299DC1 /* CounterFeatureTests.swift */ = {isa = PBXFileReference; lastKnownFileType = sourcecode.swift; path = CounterFeatureTests.swift; sourceTree = "<group>"; };
		E9140FF12B404BCB00299DC1 /* NumberFactClient.swift */ = {isa = PBXFileReference; lastKnownFileType = sourcecode.swift; path = NumberFactClient.swift; sourceTree = "<group>"; };
		E9140FF62B4195FD00299DC1 /* AppView.swift */ = {isa = PBXFileReference; lastKnownFileType = sourcecode.swift; path = AppView.swift; sourceTree = "<group>"; };
		E9140FF82B4196DE00299DC1 /* AppFeature.swift */ = {isa = PBXFileReference; lastKnownFileType = sourcecode.swift; path = AppFeature.swift; sourceTree = "<group>"; };
		E9140FFE2B41A67100299DC1 /* AppFeatureTests.swift */ = {isa = PBXFileReference; lastKnownFileType = sourcecode.swift; path = AppFeatureTests.swift; sourceTree = "<group>"; };
		E91410012B43591600299DC1 /* ContactsFeature.swift */ = {isa = PBXFileReference; lastKnownFileType = sourcecode.swift; path = ContactsFeature.swift; sourceTree = "<group>"; };
		E91410032B4359E300299DC1 /* ContactsView.swift */ = {isa = PBXFileReference; lastKnownFileType = sourcecode.swift; path = ContactsView.swift; sourceTree = "<group>"; };
		E91410052B435D8F00299DC1 /* AddContactFeature.swift */ = {isa = PBXFileReference; lastKnownFileType = sourcecode.swift; path = AddContactFeature.swift; sourceTree = "<group>"; };
		E91410092B44732800299DC1 /* AddContactView.swift */ = {isa = PBXFileReference; lastKnownFileType = sourcecode.swift; path = AddContactView.swift; sourceTree = "<group>"; };
		E914100B2B47417F00299DC1 /* ContactsFeatureTests.swift */ = {isa = PBXFileReference; lastKnownFileType = sourcecode.swift; path = ContactsFeatureTests.swift; sourceTree = "<group>"; };
		E946C32F2B3CC00A0040EC35 /* SwiftUI-The-Composable-Architecture.app */ = {isa = PBXFileReference; explicitFileType = wrapper.application; includeInIndex = 0; path = "SwiftUI-The-Composable-Architecture.app"; sourceTree = BUILT_PRODUCTS_DIR; };
		E946C3322B3CC00A0040EC35 /* SwiftUI_The_Composable_ArchitectureApp.swift */ = {isa = PBXFileReference; lastKnownFileType = sourcecode.swift; path = SwiftUI_The_Composable_ArchitectureApp.swift; sourceTree = "<group>"; };
		E946C3342B3CC00A0040EC35 /* CounterView.swift */ = {isa = PBXFileReference; lastKnownFileType = sourcecode.swift; path = CounterView.swift; sourceTree = "<group>"; };
		E946C3362B3CC00B0040EC35 /* Assets.xcassets */ = {isa = PBXFileReference; lastKnownFileType = folder.assetcatalog; path = Assets.xcassets; sourceTree = "<group>"; };
		E946C3392B3CC00B0040EC35 /* Preview Assets.xcassets */ = {isa = PBXFileReference; lastKnownFileType = folder.assetcatalog; path = "Preview Assets.xcassets"; sourceTree = "<group>"; };
/* End PBXFileReference section */

/* Begin PBXFrameworksBuildPhase section */
		E9140FE32B40340B00299DC1 /* Frameworks */ = {
			isa = PBXFrameworksBuildPhase;
			buildActionMask = 2147483647;
			files = (
			);
			runOnlyForDeploymentPostprocessing = 0;
		};
		E946C32C2B3CC00A0040EC35 /* Frameworks */ = {
			isa = PBXFrameworksBuildPhase;
			buildActionMask = 2147483647;
			files = (
				E912F8C12B3DFA26005F4EBA /* ComposableArchitecture in Frameworks */,
			);
			runOnlyForDeploymentPostprocessing = 0;
		};
/* End PBXFrameworksBuildPhase section */

/* Begin PBXGroup section */
		E9140FE72B40340B00299DC1 /* SwiftUI-The-Composable-ArchitectureTests */ = {
			isa = PBXGroup;
			children = (
				E9140FEF2B40343D00299DC1 /* CounterFeatureTests.swift */,
				E9140FFE2B41A67100299DC1 /* AppFeatureTests.swift */,
				E914100B2B47417F00299DC1 /* ContactsFeatureTests.swift */,
			);
			path = "SwiftUI-The-Composable-ArchitectureTests";
			sourceTree = "<group>";
		};
		E9140FF32B41957C00299DC1 /* Resource */ = {
			isa = PBXGroup;
			children = (
				E946C3362B3CC00B0040EC35 /* Assets.xcassets */,
			);
			path = Resource;
			sourceTree = "<group>";
		};
		E9140FF42B41958D00299DC1 /* App */ = {
			isa = PBXGroup;
			children = (
				E946C3322B3CC00A0040EC35 /* SwiftUI_The_Composable_ArchitectureApp.swift */,
			);
			path = App;
			sourceTree = "<group>";
		};
		E9140FF52B41959D00299DC1 /* Screen */ = {
			isa = PBXGroup;
			children = (
				E91410002B43590700299DC1 /* Contact */,
				E9140FFB2B4197E400299DC1 /* App */,
				E9140FFA2B4197D900299DC1 /* CounterFeature */,
			);
			path = Screen;
			sourceTree = "<group>";
		};
		E9140FFA2B4197D900299DC1 /* CounterFeature */ = {
			isa = PBXGroup;
			children = (
				E946C3342B3CC00A0040EC35 /* CounterView.swift */,
				E912F8C22B3DFA67005F4EBA /* CounterFeature.swift */,
				E9140FF12B404BCB00299DC1 /* NumberFactClient.swift */,
			);
			path = CounterFeature;
			sourceTree = "<group>";
		};
		E9140FFB2B4197E400299DC1 /* App */ = {
			isa = PBXGroup;
			children = (
				E9140FF62B4195FD00299DC1 /* AppView.swift */,
				E9140FF82B4196DE00299DC1 /* AppFeature.swift */,
			);
			path = App;
			sourceTree = "<group>";
		};
		E91410002B43590700299DC1 /* Contact */ = {
			isa = PBXGroup;
			children = (
				E91410012B43591600299DC1 /* ContactsFeature.swift */,
				E91410032B4359E300299DC1 /* ContactsView.swift */,
				E91410052B435D8F00299DC1 /* AddContactFeature.swift */,
				E91410092B44732800299DC1 /* AddContactView.swift */,
			);
			path = Contact;
			sourceTree = "<group>";
		};
		E946C3262B3CC00A0040EC35 = {
			isa = PBXGroup;
			children = (
				E946C3312B3CC00A0040EC35 /* SwiftUI-The-Composable-Architecture */,
				E9140FE72B40340B00299DC1 /* SwiftUI-The-Composable-ArchitectureTests */,
				E946C3302B3CC00A0040EC35 /* Products */,
			);
			sourceTree = "<group>";
		};
		E946C3302B3CC00A0040EC35 /* Products */ = {
			isa = PBXGroup;
			children = (
				E946C32F2B3CC00A0040EC35 /* SwiftUI-The-Composable-Architecture.app */,
				E9140FE62B40340B00299DC1 /* SwiftUI-The-Composable-ArchitectureTests.xctest */,
			);
			name = Products;
			sourceTree = "<group>";
		};
		E946C3312B3CC00A0040EC35 /* SwiftUI-The-Composable-Architecture */ = {
			isa = PBXGroup;
			children = (
				E9140FF52B41959D00299DC1 /* Screen */,
				E9140FF42B41958D00299DC1 /* App */,
				E9140FF32B41957C00299DC1 /* Resource */,
				E946C3382B3CC00B0040EC35 /* Preview Content */,
				E9140FE12B3F5F3E00299DC1 /* Info.plist */,
			);
			path = "SwiftUI-The-Composable-Architecture";
			sourceTree = "<group>";
		};
		E946C3382B3CC00B0040EC35 /* Preview Content */ = {
			isa = PBXGroup;
			children = (
				E946C3392B3CC00B0040EC35 /* Preview Assets.xcassets */,
			);
			path = "Preview Content";
			sourceTree = "<group>";
		};
/* End PBXGroup section */

/* Begin PBXNativeTarget section */
		E9140FE52B40340B00299DC1 /* SwiftUI-The-Composable-ArchitectureTests */ = {
			isa = PBXNativeTarget;
			buildConfigurationList = E9140FEE2B40340B00299DC1 /* Build configuration list for PBXNativeTarget "SwiftUI-The-Composable-ArchitectureTests" */;
			buildPhases = (
				E9140FE22B40340B00299DC1 /* Sources */,
				E9140FE32B40340B00299DC1 /* Frameworks */,
				E9140FE42B40340B00299DC1 /* Resources */,
			);
			buildRules = (
			);
			dependencies = (
				E9140FEB2B40340B00299DC1 /* PBXTargetDependency */,
			);
			name = "SwiftUI-The-Composable-ArchitectureTests";
			productName = "SwiftUI-The-Composable-ArchitectureTests";
			productReference = E9140FE62B40340B00299DC1 /* SwiftUI-The-Composable-ArchitectureTests.xctest */;
			productType = "com.apple.product-type.bundle.unit-test";
		};
		E946C32E2B3CC00A0040EC35 /* SwiftUI-The-Composable-Architecture */ = {
			isa = PBXNativeTarget;
			buildConfigurationList = E946C33D2B3CC00B0040EC35 /* Build configuration list for PBXNativeTarget "SwiftUI-The-Composable-Architecture" */;
			buildPhases = (
				E946C32B2B3CC00A0040EC35 /* Sources */,
				E946C32C2B3CC00A0040EC35 /* Frameworks */,
				E946C32D2B3CC00A0040EC35 /* Resources */,
			);
			buildRules = (
			);
			dependencies = (
			);
			name = "SwiftUI-The-Composable-Architecture";
			packageProductDependencies = (
				E912F8C02B3DFA26005F4EBA /* ComposableArchitecture */,
			);
			productName = "SwiftUI-The-Composable-Architecture";
			productReference = E946C32F2B3CC00A0040EC35 /* SwiftUI-The-Composable-Architecture.app */;
			productType = "com.apple.product-type.application";
		};
/* End PBXNativeTarget section */

/* Begin PBXProject section */
		E946C3272B3CC00A0040EC35 /* Project object */ = {
			isa = PBXProject;
			attributes = {
				BuildIndependentTargetsInParallel = 1;
				LastSwiftUpdateCheck = 1510;
				LastUpgradeCheck = 1510;
				TargetAttributes = {
					E9140FE52B40340B00299DC1 = {
						CreatedOnToolsVersion = 15.1;
						LastSwiftMigration = 1510;
						TestTargetID = E946C32E2B3CC00A0040EC35;
					};
					E946C32E2B3CC00A0040EC35 = {
						CreatedOnToolsVersion = 15.1;
					};
				};
			};
			buildConfigurationList = E946C32A2B3CC00A0040EC35 /* Build configuration list for PBXProject "SwiftUI-The-Composable-Architecture" */;
			compatibilityVersion = "Xcode 14.0";
			developmentRegion = en;
			hasScannedForEncodings = 0;
			knownRegions = (
				en,
				Base,
			);
			mainGroup = E946C3262B3CC00A0040EC35;
			packageReferences = (
				E912F8BF2B3DFA26005F4EBA /* XCRemoteSwiftPackageReference "swift-composable-architecture" */,
			);
			productRefGroup = E946C3302B3CC00A0040EC35 /* Products */;
			projectDirPath = "";
			projectRoot = "";
			targets = (
				E946C32E2B3CC00A0040EC35 /* SwiftUI-The-Composable-Architecture */,
				E9140FE52B40340B00299DC1 /* SwiftUI-The-Composable-ArchitectureTests */,
			);
		};
/* End PBXProject section */

/* Begin PBXResourcesBuildPhase section */
		E9140FE42B40340B00299DC1 /* Resources */ = {
			isa = PBXResourcesBuildPhase;
			buildActionMask = 2147483647;
			files = (
			);
			runOnlyForDeploymentPostprocessing = 0;
		};
		E946C32D2B3CC00A0040EC35 /* Resources */ = {
			isa = PBXResourcesBuildPhase;
			buildActionMask = 2147483647;
			files = (
				E946C33A2B3CC00B0040EC35 /* Preview Assets.xcassets in Resources */,
				E946C3372B3CC00B0040EC35 /* Assets.xcassets in Resources */,
			);
			runOnlyForDeploymentPostprocessing = 0;
		};
/* End PBXResourcesBuildPhase section */

/* Begin PBXSourcesBuildPhase section */
		E9140FE22B40340B00299DC1 /* Sources */ = {
			isa = PBXSourcesBuildPhase;
			buildActionMask = 2147483647;
			files = (
				E9140FFF2B41A67100299DC1 /* AppFeatureTests.swift in Sources */,
				E914100C2B47417F00299DC1 /* ContactsFeatureTests.swift in Sources */,
				E9140FF02B40343D00299DC1 /* CounterFeatureTests.swift in Sources */,
			);
			runOnlyForDeploymentPostprocessing = 0;
		};
		E946C32B2B3CC00A0040EC35 /* Sources */ = {
			isa = PBXSourcesBuildPhase;
			buildActionMask = 2147483647;
			files = (
				E9140FF92B4196DE00299DC1 /* AppFeature.swift in Sources */,
				E914100A2B44732800299DC1 /* AddContactView.swift in Sources */,
				E912F8C32B3DFA67005F4EBA /* CounterFeature.swift in Sources */,
				E946C3352B3CC00A0040EC35 /* CounterView.swift in Sources */,
				E946C3332B3CC00A0040EC35 /* SwiftUI_The_Composable_ArchitectureApp.swift in Sources */,
				E91410022B43591600299DC1 /* ContactsFeature.swift in Sources */,
				E9140FF72B4195FD00299DC1 /* AppView.swift in Sources */,
				E9140FF22B404BCB00299DC1 /* NumberFactClient.swift in Sources */,
				E91410062B435D8F00299DC1 /* AddContactFeature.swift in Sources */,
				E91410042B4359E300299DC1 /* ContactsView.swift in Sources */,
			);
			runOnlyForDeploymentPostprocessing = 0;
		};
/* End PBXSourcesBuildPhase section */

/* Begin PBXTargetDependency section */
		E9140FEB2B40340B00299DC1 /* PBXTargetDependency */ = {
			isa = PBXTargetDependency;
			target = E946C32E2B3CC00A0040EC35 /* SwiftUI-The-Composable-Architecture */;
			targetProxy = E9140FEA2B40340B00299DC1 /* PBXContainerItemProxy */;
		};
/* End PBXTargetDependency section */

/* Begin XCBuildConfiguration section */
		E9140FEC2B40340B00299DC1 /* Debug */ = {
			isa = XCBuildConfiguration;
			buildSettings = {
				BUNDLE_LOADER = "$(TEST_HOST)";
				CLANG_ENABLE_MODULES = YES;
				CODE_SIGN_STYLE = Automatic;
				CURRENT_PROJECT_VERSION = 1;
				DEVELOPMENT_TEAM = 8F8TZUV25Z;
				GENERATE_INFOPLIST_FILE = YES;
				MARKETING_VERSION = 1.0;
				PRODUCT_BUNDLE_IDENTIFIER = "com.mculha.SwiftUI-The-Composable-ArchitectureTests";
				PRODUCT_NAME = "$(TARGET_NAME)";
				SWIFT_EMIT_LOC_STRINGS = NO;
				SWIFT_OPTIMIZATION_LEVEL = "-Onone";
				SWIFT_VERSION = 5.0;
				TARGETED_DEVICE_FAMILY = "1,2";
				TEST_HOST = "$(BUILT_PRODUCTS_DIR)/SwiftUI-The-Composable-Architecture.app/$(BUNDLE_EXECUTABLE_FOLDER_PATH)/SwiftUI-The-Composable-Architecture";
			};
			name = Debug;
		};
		E9140FED2B40340B00299DC1 /* Release */ = {
			isa = XCBuildConfiguration;
			buildSettings = {
				BUNDLE_LOADER = "$(TEST_HOST)";
				CLANG_ENABLE_MODULES = YES;
				CODE_SIGN_STYLE = Automatic;
				CURRENT_PROJECT_VERSION = 1;
				DEVELOPMENT_TEAM = 8F8TZUV25Z;
				GENERATE_INFOPLIST_FILE = YES;
				MARKETING_VERSION = 1.0;
				PRODUCT_BUNDLE_IDENTIFIER = "com.mculha.SwiftUI-The-Composable-ArchitectureTests";
				PRODUCT_NAME = "$(TARGET_NAME)";
				SWIFT_EMIT_LOC_STRINGS = NO;
				SWIFT_VERSION = 5.0;
				TARGETED_DEVICE_FAMILY = "1,2";
				TEST_HOST = "$(BUILT_PRODUCTS_DIR)/SwiftUI-The-Composable-Architecture.app/$(BUNDLE_EXECUTABLE_FOLDER_PATH)/SwiftUI-The-Composable-Architecture";
			};
			name = Release;
		};
		E946C33B2B3CC00B0040EC35 /* Debug */ = {
			isa = XCBuildConfiguration;
			buildSettings = {
				ALWAYS_SEARCH_USER_PATHS = NO;
				ASSETCATALOG_COMPILER_GENERATE_SWIFT_ASSET_SYMBOL_EXTENSIONS = YES;
				CLANG_ANALYZER_NONNULL = YES;
				CLANG_ANALYZER_NUMBER_OBJECT_CONVERSION = YES_AGGRESSIVE;
				CLANG_CXX_LANGUAGE_STANDARD = "gnu++20";
				CLANG_ENABLE_MODULES = YES;
				CLANG_ENABLE_OBJC_ARC = YES;
				CLANG_ENABLE_OBJC_WEAK = YES;
				CLANG_WARN_BLOCK_CAPTURE_AUTORELEASING = YES;
				CLANG_WARN_BOOL_CONVERSION = YES;
				CLANG_WARN_COMMA = YES;
				CLANG_WARN_CONSTANT_CONVERSION = YES;
				CLANG_WARN_DEPRECATED_OBJC_IMPLEMENTATIONS = YES;
				CLANG_WARN_DIRECT_OBJC_ISA_USAGE = YES_ERROR;
				CLANG_WARN_DOCUMENTATION_COMMENTS = YES;
				CLANG_WARN_EMPTY_BODY = YES;
				CLANG_WARN_ENUM_CONVERSION = YES;
				CLANG_WARN_INFINITE_RECURSION = YES;
				CLANG_WARN_INT_CONVERSION = YES;
				CLANG_WARN_NON_LITERAL_NULL_CONVERSION = YES;
				CLANG_WARN_OBJC_IMPLICIT_RETAIN_SELF = YES;
				CLANG_WARN_OBJC_LITERAL_CONVERSION = YES;
				CLANG_WARN_OBJC_ROOT_CLASS = YES_ERROR;
				CLANG_WARN_QUOTED_INCLUDE_IN_FRAMEWORK_HEADER = YES;
				CLANG_WARN_RANGE_LOOP_ANALYSIS = YES;
				CLANG_WARN_STRICT_PROTOTYPES = YES;
				CLANG_WARN_SUSPICIOUS_MOVE = YES;
				CLANG_WARN_UNGUARDED_AVAILABILITY = YES_AGGRESSIVE;
				CLANG_WARN_UNREACHABLE_CODE = YES;
				CLANG_WARN__DUPLICATE_METHOD_MATCH = YES;
				COPY_PHASE_STRIP = NO;
				DEBUG_INFORMATION_FORMAT = dwarf;
				ENABLE_STRICT_OBJC_MSGSEND = YES;
				ENABLE_TESTABILITY = YES;
				ENABLE_USER_SCRIPT_SANDBOXING = YES;
				GCC_C_LANGUAGE_STANDARD = gnu17;
				GCC_DYNAMIC_NO_PIC = NO;
				GCC_NO_COMMON_BLOCKS = YES;
				GCC_OPTIMIZATION_LEVEL = 0;
				GCC_PREPROCESSOR_DEFINITIONS = (
					"DEBUG=1",
					"$(inherited)",
				);
				GCC_WARN_64_TO_32_BIT_CONVERSION = YES;
				GCC_WARN_ABOUT_RETURN_TYPE = YES_ERROR;
				GCC_WARN_UNDECLARED_SELECTOR = YES;
				GCC_WARN_UNINITIALIZED_AUTOS = YES_AGGRESSIVE;
				GCC_WARN_UNUSED_FUNCTION = YES;
				GCC_WARN_UNUSED_VARIABLE = YES;
				IPHONEOS_DEPLOYMENT_TARGET = 17.2;
				LOCALIZATION_PREFERS_STRING_CATALOGS = YES;
				MTL_ENABLE_DEBUG_INFO = INCLUDE_SOURCE;
				MTL_FAST_MATH = YES;
				ONLY_ACTIVE_ARCH = YES;
				SDKROOT = iphoneos;
				SWIFT_ACTIVE_COMPILATION_CONDITIONS = "DEBUG $(inherited)";
				SWIFT_OPTIMIZATION_LEVEL = "-Onone";
			};
			name = Debug;
		};
		E946C33C2B3CC00B0040EC35 /* Release */ = {
			isa = XCBuildConfiguration;
			buildSettings = {
				ALWAYS_SEARCH_USER_PATHS = NO;
				ASSETCATALOG_COMPILER_GENERATE_SWIFT_ASSET_SYMBOL_EXTENSIONS = YES;
				CLANG_ANALYZER_NONNULL = YES;
				CLANG_ANALYZER_NUMBER_OBJECT_CONVERSION = YES_AGGRESSIVE;
				CLANG_CXX_LANGUAGE_STANDARD = "gnu++20";
				CLANG_ENABLE_MODULES = YES;
				CLANG_ENABLE_OBJC_ARC = YES;
				CLANG_ENABLE_OBJC_WEAK = YES;
				CLANG_WARN_BLOCK_CAPTURE_AUTORELEASING = YES;
				CLANG_WARN_BOOL_CONVERSION = YES;
				CLANG_WARN_COMMA = YES;
				CLANG_WARN_CONSTANT_CONVERSION = YES;
				CLANG_WARN_DEPRECATED_OBJC_IMPLEMENTATIONS = YES;
				CLANG_WARN_DIRECT_OBJC_ISA_USAGE = YES_ERROR;
				CLANG_WARN_DOCUMENTATION_COMMENTS = YES;
				CLANG_WARN_EMPTY_BODY = YES;
				CLANG_WARN_ENUM_CONVERSION = YES;
				CLANG_WARN_INFINITE_RECURSION = YES;
				CLANG_WARN_INT_CONVERSION = YES;
				CLANG_WARN_NON_LITERAL_NULL_CONVERSION = YES;
				CLANG_WARN_OBJC_IMPLICIT_RETAIN_SELF = YES;
				CLANG_WARN_OBJC_LITERAL_CONVERSION = YES;
				CLANG_WARN_OBJC_ROOT_CLASS = YES_ERROR;
				CLANG_WARN_QUOTED_INCLUDE_IN_FRAMEWORK_HEADER = YES;
				CLANG_WARN_RANGE_LOOP_ANALYSIS = YES;
				CLANG_WARN_STRICT_PROTOTYPES = YES;
				CLANG_WARN_SUSPICIOUS_MOVE = YES;
				CLANG_WARN_UNGUARDED_AVAILABILITY = YES_AGGRESSIVE;
				CLANG_WARN_UNREACHABLE_CODE = YES;
				CLANG_WARN__DUPLICATE_METHOD_MATCH = YES;
				COPY_PHASE_STRIP = NO;
				DEBUG_INFORMATION_FORMAT = "dwarf-with-dsym";
				ENABLE_NS_ASSERTIONS = NO;
				ENABLE_STRICT_OBJC_MSGSEND = YES;
				ENABLE_USER_SCRIPT_SANDBOXING = YES;
				GCC_C_LANGUAGE_STANDARD = gnu17;
				GCC_NO_COMMON_BLOCKS = YES;
				GCC_WARN_64_TO_32_BIT_CONVERSION = YES;
				GCC_WARN_ABOUT_RETURN_TYPE = YES_ERROR;
				GCC_WARN_UNDECLARED_SELECTOR = YES;
				GCC_WARN_UNINITIALIZED_AUTOS = YES_AGGRESSIVE;
				GCC_WARN_UNUSED_FUNCTION = YES;
				GCC_WARN_UNUSED_VARIABLE = YES;
				IPHONEOS_DEPLOYMENT_TARGET = 17.2;
				LOCALIZATION_PREFERS_STRING_CATALOGS = YES;
				MTL_ENABLE_DEBUG_INFO = NO;
				MTL_FAST_MATH = YES;
				SDKROOT = iphoneos;
				SWIFT_COMPILATION_MODE = wholemodule;
				VALIDATE_PRODUCT = YES;
			};
			name = Release;
		};
		E946C33E2B3CC00B0040EC35 /* Debug */ = {
			isa = XCBuildConfiguration;
			buildSettings = {
				ASSETCATALOG_COMPILER_APPICON_NAME = AppIcon;
				ASSETCATALOG_COMPILER_GLOBAL_ACCENT_COLOR_NAME = AccentColor;
				CODE_SIGN_STYLE = Automatic;
				CURRENT_PROJECT_VERSION = 1;
				DEVELOPMENT_ASSET_PATHS = "\"SwiftUI-The-Composable-Architecture/Preview Content\"";
				DEVELOPMENT_TEAM = 8F8TZUV25Z;
				ENABLE_PREVIEWS = YES;
				GENERATE_INFOPLIST_FILE = YES;
				INFOPLIST_FILE = "SwiftUI-The-Composable-Architecture/Info.plist";
				INFOPLIST_KEY_UIApplicationSceneManifest_Generation = YES;
				INFOPLIST_KEY_UIApplicationSupportsIndirectInputEvents = YES;
				INFOPLIST_KEY_UILaunchScreen_Generation = YES;
				INFOPLIST_KEY_UISupportedInterfaceOrientations_iPad = "UIInterfaceOrientationPortrait UIInterfaceOrientationPortraitUpsideDown UIInterfaceOrientationLandscapeLeft UIInterfaceOrientationLandscapeRight";
				INFOPLIST_KEY_UISupportedInterfaceOrientations_iPhone = "UIInterfaceOrientationPortrait UIInterfaceOrientationLandscapeLeft UIInterfaceOrientationLandscapeRight";
				LD_RUNPATH_SEARCH_PATHS = (
					"$(inherited)",
					"@executable_path/Frameworks",
				);
				MARKETING_VERSION = 1.0;
				PRODUCT_BUNDLE_IDENTIFIER = "com.mculha.SwiftUI-The-Composable-Architecture";
				PRODUCT_NAME = "$(TARGET_NAME)";
				SWIFT_EMIT_LOC_STRINGS = YES;
				SWIFT_VERSION = 5.0;
				TARGETED_DEVICE_FAMILY = "1,2";
			};
			name = Debug;
		};
		E946C33F2B3CC00B0040EC35 /* Release */ = {
			isa = XCBuildConfiguration;
			buildSettings = {
				ASSETCATALOG_COMPILER_APPICON_NAME = AppIcon;
				ASSETCATALOG_COMPILER_GLOBAL_ACCENT_COLOR_NAME = AccentColor;
				CODE_SIGN_STYLE = Automatic;
				CURRENT_PROJECT_VERSION = 1;
				DEVELOPMENT_ASSET_PATHS = "\"SwiftUI-The-Composable-Architecture/Preview Content\"";
				DEVELOPMENT_TEAM = 8F8TZUV25Z;
				ENABLE_PREVIEWS = YES;
				GENERATE_INFOPLIST_FILE = YES;
				INFOPLIST_FILE = "SwiftUI-The-Composable-Architecture/Info.plist";
				INFOPLIST_KEY_UIApplicationSceneManifest_Generation = YES;
				INFOPLIST_KEY_UIApplicationSupportsIndirectInputEvents = YES;
				INFOPLIST_KEY_UILaunchScreen_Generation = YES;
				INFOPLIST_KEY_UISupportedInterfaceOrientations_iPad = "UIInterfaceOrientationPortrait UIInterfaceOrientationPortraitUpsideDown UIInterfaceOrientationLandscapeLeft UIInterfaceOrientationLandscapeRight";
				INFOPLIST_KEY_UISupportedInterfaceOrientations_iPhone = "UIInterfaceOrientationPortrait UIInterfaceOrientationLandscapeLeft UIInterfaceOrientationLandscapeRight";
				LD_RUNPATH_SEARCH_PATHS = (
					"$(inherited)",
					"@executable_path/Frameworks",
				);
				MARKETING_VERSION = 1.0;
				PRODUCT_BUNDLE_IDENTIFIER = "com.mculha.SwiftUI-The-Composable-Architecture";
				PRODUCT_NAME = "$(TARGET_NAME)";
				SWIFT_EMIT_LOC_STRINGS = YES;
				SWIFT_VERSION = 5.0;
				TARGETED_DEVICE_FAMILY = "1,2";
			};
			name = Release;
		};
/* End XCBuildConfiguration section */

/* Begin XCConfigurationList section */
		E9140FEE2B40340B00299DC1 /* Build configuration list for PBXNativeTarget "SwiftUI-The-Composable-ArchitectureTests" */ = {
			isa = XCConfigurationList;
			buildConfigurations = (
				E9140FEC2B40340B00299DC1 /* Debug */,
				E9140FED2B40340B00299DC1 /* Release */,
			);
			defaultConfigurationIsVisible = 0;
			defaultConfigurationName = Release;
		};
		E946C32A2B3CC00A0040EC35 /* Build configuration list for PBXProject "SwiftUI-The-Composable-Architecture" */ = {
			isa = XCConfigurationList;
			buildConfigurations = (
				E946C33B2B3CC00B0040EC35 /* Debug */,
				E946C33C2B3CC00B0040EC35 /* Release */,
			);
			defaultConfigurationIsVisible = 0;
			defaultConfigurationName = Release;
		};
		E946C33D2B3CC00B0040EC35 /* Build configuration list for PBXNativeTarget "SwiftUI-The-Composable-Architecture" */ = {
			isa = XCConfigurationList;
			buildConfigurations = (
				E946C33E2B3CC00B0040EC35 /* Debug */,
				E946C33F2B3CC00B0040EC35 /* Release */,
			);
			defaultConfigurationIsVisible = 0;
			defaultConfigurationName = Release;
		};
/* End XCConfigurationList section */

/* Begin XCRemoteSwiftPackageReference section */
		E912F8BF2B3DFA26005F4EBA /* XCRemoteSwiftPackageReference "swift-composable-architecture" */ = {
			isa = XCRemoteSwiftPackageReference;
			repositoryURL = "https://github.com/pointfreeco/swift-composable-architecture";
			requirement = {
				kind = upToNextMajorVersion;
				minimumVersion = 1.5.6;
			};
		};
/* End XCRemoteSwiftPackageReference section */

/* Begin XCSwiftPackageProductDependency section */
		E912F8C02B3DFA26005F4EBA /* ComposableArchitecture */ = {
			isa = XCSwiftPackageProductDependency;
			package = E912F8BF2B3DFA26005F4EBA /* XCRemoteSwiftPackageReference "swift-composable-architecture" */;
			productName = ComposableArchitecture;
		};
/* End XCSwiftPackageProductDependency section */
	};
	rootObject = E946C3272B3CC00A0040EC35 /* Project object */;
}
